
Microsoft Visual Studio Solution File, Format Version 12.00
# Visual Studio 15
VisualStudioVersion = 15.0.28307.1145
MinimumVisualStudioVersion = 10.0.40219.1
Project("{888888A0-9F3D-457C-B088-3A5042F75D52}") = "BasicProject", "BasicProject\BasicProject.pyproj", "{611569A2-BC16-4725-9B8A-4D88F197B34D}"
EndProject
Global
	GlobalSection(SolutionConfigurationPlatforms) = preSolution
		Debug|Any CPU = Debug|Any CPU
		Release|Any CPU = Release|Any CPU
	EndGlobalSection
	GlobalSection(ProjectConfigurationPlatforms) = postSolution
		{611569A2-BC16-4725-9B8A-4D88F197B34D}.Debug|Any CPU.ActiveCfg = Debug|Any CPU
		{611569A2-BC16-4725-9B8A-4D88F197B34D}.Debug|Any CPU.Build.0 = Debug|Any CPU
		{611569A2-BC16-4725-9B8A-4D88F197B34D}.Release|Any CPU.ActiveCfg = Release|Any CPU
		{611569A2-BC16-4725-9B8A-4D88F197B34D}.Release|Any CPU.Build.0 = Release|Any CPU
	EndGlobalSection
	GlobalSection(SolutionProperties) = preSolution
		HideSolutionNode = FALSE
	EndGlobalSection
	GlobalSection(ExtensibilityGlobals) = postSolution
		SolutionGuid = {10E4AA20-3E1D-4ABD-8224-A4B7CAD0DABD}
	EndGlobalSection
EndGlobal
